
Microsoft Visual Studio Solution File, Format Version 12.00
# Visual Studio Version 16
VisualStudioVersion = 16.0.30204.135
MinimumVisualStudioVersion = 10.0.40219.1
Project("{FAE04EC0-301F-11D3-BF4B-00C04F79EFBC}") = "ShoppingMemo.Android", "ShoppingMemo\ShoppingMemo.Android\ShoppingMemo.Android.csproj", "{F748BDE0-80C8-4B20-94BB-526ECFDD8617}"
EndProject
Project("{FAE04EC0-301F-11D3-BF4B-00C04F79EFBC}") = "ShoppingMemo.iOS", "ShoppingMemo\ShoppingMemo.iOS\ShoppingMemo.iOS.csproj", "{EAA7B378-A031-490D-80B4-94AE375DE026}"
EndProject
Project("{FAE04EC0-301F-11D3-BF4B-00C04F79EFBC}") = "ShoppingMemo", "ShoppingMemo\ShoppingMemo\ShoppingMemo.csproj", "{562F4330-46C4-4B06-82C6-BB189D1FE69F}"
EndProject
Global
	GlobalSection(SolutionConfigurationPlatforms) = preSolution
		Debug|Any CPU = Debug|Any CPU
		Debug|iPhone = Debug|iPhone
		Debug|iPhoneSimulator = Debug|iPhoneSimulator
		Release|Any CPU = Release|Any CPU
		Release|iPhone = Release|iPhone
		Release|iPhoneSimulator = Release|iPhoneSimulator
	EndGlobalSection
	GlobalSection(ProjectConfigurationPlatforms) = postSolution
		{F748BDE0-80C8-4B20-94BB-526ECFDD8617}.Debug|Any CPU.ActiveCfg = Debug|Any CPU
		{F748BDE0-80C8-4B20-94BB-526ECFDD8617}.Debug|Any CPU.Build.0 = Debug|Any CPU
		{F748BDE0-80C8-4B20-94BB-526ECFDD8617}.Debug|Any CPU.Deploy.0 = Debug|Any CPU
		{F748BDE0-80C8-4B20-94BB-526ECFDD8617}.Debug|iPhone.ActiveCfg = Debug|Any CPU
		{F748BDE0-80C8-4B20-94BB-526ECFDD8617}.Debug|iPhone.Build.0 = Debug|Any CPU
		{F748BDE0-80C8-4B20-94BB-526ECFDD8617}.Debug|iPhone.Deploy.0 = Debug|Any CPU
		{F748BDE0-80C8-4B20-94BB-526ECFDD8617}.Debug|iPhoneSimulator.ActiveCfg = Debug|Any CPU
		{F748BDE0-80C8-4B20-94BB-526ECFDD8617}.Debug|iPhoneSimulator.Build.0 = Debug|Any CPU
		{F748BDE0-80C8-4B20-94BB-526ECFDD8617}.Debug|iPhoneSimulator.Deploy.0 = Debug|Any CPU
		{F748BDE0-80C8-4B20-94BB-526ECFDD8617}.Release|Any CPU.ActiveCfg = Release|Any CPU
		{F748BDE0-80C8-4B20-94BB-526ECFDD8617}.Release|Any CPU.Build.0 = Release|Any CPU
		{F748BDE0-80C8-4B20-94BB-526ECFDD8617}.Release|Any CPU.Deploy.0 = Release|Any CPU
		{F748BDE0-80C8-4B20-94BB-526ECFDD8617}.Release|iPhone.ActiveCfg = Release|Any CPU
		{F748BDE0-80C8-4B20-94BB-526ECFDD8617}.Release|iPhone.Build.0 = Release|Any CPU
		{F748BDE0-80C8-4B20-94BB-526ECFDD8617}.Release|iPhone.Deploy.0 = Release|Any CPU
		{F748BDE0-80C8-4B20-94BB-526ECFDD8617}.Release|iPhoneSimulator.ActiveCfg = Release|Any CPU
		{F748BDE0-80C8-4B20-94BB-526ECFDD8617}.Release|iPhoneSimulator.Build.0 = Release|Any CPU
		{F748BDE0-80C8-4B20-94BB-526ECFDD8617}.Release|iPhoneSimulator.Deploy.0 = Release|Any CPU
		{EAA7B378-A031-490D-80B4-94AE375DE026}.Debug|Any CPU.ActiveCfg = Debug|iPhone
		{EAA7B378-A031-490D-80B4-94AE375DE026}.Debug|Any CPU.Build.0 = Debug|iPhone
		{EAA7B378-A031-490D-80B4-94AE375DE026}.Debug|Any CPU.Deploy.0 = Debug|iPhone
		{EAA7B378-A031-490D-80B4-94AE375DE026}.Debug|iPhone.ActiveCfg = Debug|iPhone
		{EAA7B378-A031-490D-80B4-94AE375DE026}.Debug|iPhone.Build.0 = Debug|iPhone
		{EAA7B378-A031-490D-80B4-94AE375DE026}.Debug|iPhone.Deploy.0 = Debug|iPhone
		{EAA7B378-A031-490D-80B4-94AE375DE026}.Debug|iPhoneSimulator.ActiveCfg = Debug|iPhoneSimulator
		{EAA7B378-A031-490D-80B4-94AE375DE026}.Debug|iPhoneSimulator.Build.0 = Debug|iPhoneSimulator
		{EAA7B378-A031-490D-80B4-94AE375DE026}.Debug|iPhoneSimulator.Deploy.0 = Debug|iPhoneSimulator
		{EAA7B378-A031-490D-80B4-94AE375DE026}.Release|Any CPU.ActiveCfg = Release|iPhone
		{EAA7B378-A031-490D-80B4-94AE375DE026}.Release|Any CPU.Build.0 = Release|iPhone
		{EAA7B378-A031-490D-80B4-94AE375DE026}.Release|Any CPU.Deploy.0 = Release|iPhone
		{EAA7B378-A031-490D-80B4-94AE375DE026}.Release|iPhone.ActiveCfg = Release|iPhone
		{EAA7B378-A031-490D-80B4-94AE375DE026}.Release|iPhone.Build.0 = Release|iPhone
		{EAA7B378-A031-490D-80B4-94AE375DE026}.Release|iPhone.Deploy.0 = Release|iPhone
		{EAA7B378-A031-490D-80B4-94AE375DE026}.Release|iPhoneSimulator.ActiveCfg = Release|iPhoneSimulator
		{EAA7B378-A031-490D-80B4-94AE375DE026}.Release|iPhoneSimulator.Build.0 = Release|iPhoneSimulator
		{EAA7B378-A031-490D-80B4-94AE375DE026}.Release|iPhoneSimulator.Deploy.0 = Release|iPhoneSimulator
		{562F4330-46C4-4B06-82C6-BB189D1FE69F}.Debug|Any CPU.ActiveCfg = Debug|Any CPU
		{562F4330-46C4-4B06-82C6-BB189D1FE69F}.Debug|Any CPU.Build.0 = Debug|Any CPU
		{562F4330-46C4-4B06-82C6-BB189D1FE69F}.Debug|Any CPU.Deploy.0 = Debug|Any CPU
		{562F4330-46C4-4B06-82C6-BB189D1FE69F}.Debug|iPhone.ActiveCfg = Debug|Any CPU
		{562F4330-46C4-4B06-82C6-BB189D1FE69F}.Debug|iPhone.Build.0 = Debug|Any CPU
		{562F4330-46C4-4B06-82C6-BB189D1FE69F}.Debug|iPhone.Deploy.0 = Debug|Any CPU
		{562F4330-46C4-4B06-82C6-BB189D1FE69F}.Debug|iPhoneSimulator.ActiveCfg = Debug|Any CPU
		{562F4330-46C4-4B06-82C6-BB189D1FE69F}.Debug|iPhoneSimulator.Build.0 = Debug|Any CPU
		{562F4330-46C4-4B06-82C6-BB189D1FE69F}.Debug|iPhoneSimulator.Deploy.0 = Debug|Any CPU
		{562F4330-46C4-4B06-82C6-BB189D1FE69F}.Release|Any CPU.ActiveCfg = Release|Any CPU
		{562F4330-46C4-4B06-82C6-BB189D1FE69F}.Release|Any CPU.Build.0 = Release|Any CPU
		{562F4330-46C4-4B06-82C6-BB189D1FE69F}.Release|Any CPU.Deploy.0 = Release|Any CPU
		{562F4330-46C4-4B06-82C6-BB189D1FE69F}.Release|iPhone.ActiveCfg = Release|Any CPU
		{562F4330-46C4-4B06-82C6-BB189D1FE69F}.Release|iPhone.Build.0 = Release|Any CPU
		{562F4330-46C4-4B06-82C6-BB189D1FE69F}.Release|iPhone.Deploy.0 = Release|Any CPU
		{562F4330-46C4-4B06-82C6-BB189D1FE69F}.Release|iPhoneSimulator.ActiveCfg = Release|Any CPU
		{562F4330-46C4-4B06-82C6-BB189D1FE69F}.Release|iPhoneSimulator.Build.0 = Release|Any CPU
		{562F4330-46C4-4B06-82C6-BB189D1FE69F}.Release|iPhoneSimulator.Deploy.0 = Release|Any CPU
	EndGlobalSection
	GlobalSection(SolutionProperties) = preSolution
		HideSolutionNode = FALSE
	EndGlobalSection
	GlobalSection(ExtensibilityGlobals) = postSolution
		SolutionGuid = {7568E384-4964-46D6-989C-B3E8DE09E7BC}
	EndGlobalSection
EndGlobal
